
Microsoft Visual Studio Solution File, Format Version 12.00
# Visual Studio 14
VisualStudioVersion = 14.0.25420.1
MinimumVisualStudioVersion = 10.0.40219.1
Project("{FAE04EC0-301F-11D3-BF4B-00C04F79EFBC}") = "Core", "AuctionProject\Core.csproj", "{3B0430F6-DFE7-42C3-9540-710C4880EE7F}"
EndProject
Project("{FAE04EC0-301F-11D3-BF4B-00C04F79EFBC}") = "Database", "Database\Database.csproj", "{EFAC4E6C-044A-402C-8E50-8DD1EB08E14F}"
EndProject
Project("{FAE04EC0-301F-11D3-BF4B-00C04F79EFBC}") = "ConsoleApplication1", "ConsoleApplication1\ConsoleApplication1.csproj", "{35D7ADED-4FF2-4451-A1C5-9C8A6DA1014F}"
EndProject
Project("{FAE04EC0-301F-11D3-BF4B-00C04F79EFBC}") = "BussinessLayer", "BussinessLayer\BussinessLayer.csproj", "{8738E8EC-031A-4E0A-96D0-C4BCC62B3EBA}"
EndProject
Project("{FAE04EC0-301F-11D3-BF4B-00C04F79EFBC}") = "UnitTestProject1", "AuctionProject\UnitTestProject1\UnitTestProject1.csproj", "{7DD25167-9A87-4B51-833D-D7A0ACFDC97D}"
EndProject
Project("{FAE04EC0-301F-11D3-BF4B-00C04F79EFBC}") = "WcfServiceLibraryAuction", "WcfServiceLibraryAuction\WcfServiceLibraryAuction.csproj", "{8FB592CF-7284-4AD8-9D8A-41C16C237F33}"
EndProject
Project("{FAE04EC0-301F-11D3-BF4B-00C04F79EFBC}") = "TestConsoleApp", "TestConsoleApp\TestConsoleApp.csproj", "{9BE8A11C-04B5-4E1B-81B2-ECE87538CC7B}"
EndProject
Global
	GlobalSection(SolutionConfigurationPlatforms) = preSolution
		Debug|Any CPU = Debug|Any CPU
		Release|Any CPU = Release|Any CPU
	EndGlobalSection
	GlobalSection(ProjectConfigurationPlatforms) = postSolution
		{3B0430F6-DFE7-42C3-9540-710C4880EE7F}.Debug|Any CPU.ActiveCfg = Debug|Any CPU
		{3B0430F6-DFE7-42C3-9540-710C4880EE7F}.Debug|Any CPU.Build.0 = Debug|Any CPU
		{3B0430F6-DFE7-42C3-9540-710C4880EE7F}.Release|Any CPU.ActiveCfg = Release|Any CPU
		{3B0430F6-DFE7-42C3-9540-710C4880EE7F}.Release|Any CPU.Build.0 = Release|Any CPU
		{EFAC4E6C-044A-402C-8E50-8DD1EB08E14F}.Debug|Any CPU.ActiveCfg = Debug|Any CPU
		{EFAC4E6C-044A-402C-8E50-8DD1EB08E14F}.Debug|Any CPU.Build.0 = Debug|Any CPU
		{EFAC4E6C-044A-402C-8E50-8DD1EB08E14F}.Release|Any CPU.ActiveCfg = Release|Any CPU
		{EFAC4E6C-044A-402C-8E50-8DD1EB08E14F}.Release|Any CPU.Build.0 = Release|Any CPU
		{35D7ADED-4FF2-4451-A1C5-9C8A6DA1014F}.Debug|Any CPU.ActiveCfg = Debug|Any CPU
		{35D7ADED-4FF2-4451-A1C5-9C8A6DA1014F}.Debug|Any CPU.Build.0 = Debug|Any CPU
		{35D7ADED-4FF2-4451-A1C5-9C8A6DA1014F}.Release|Any CPU.ActiveCfg = Release|Any CPU
		{35D7ADED-4FF2-4451-A1C5-9C8A6DA1014F}.Release|Any CPU.Build.0 = Release|Any CPU
		{8738E8EC-031A-4E0A-96D0-C4BCC62B3EBA}.Debug|Any CPU.ActiveCfg = Debug|Any CPU
		{8738E8EC-031A-4E0A-96D0-C4BCC62B3EBA}.Debug|Any CPU.Build.0 = Debug|Any CPU
		{8738E8EC-031A-4E0A-96D0-C4BCC62B3EBA}.Release|Any CPU.ActiveCfg = Release|Any CPU
		{8738E8EC-031A-4E0A-96D0-C4BCC62B3EBA}.Release|Any CPU.Build.0 = Release|Any CPU
		{7DD25167-9A87-4B51-833D-D7A0ACFDC97D}.Debug|Any CPU.ActiveCfg = Debug|Any CPU
		{7DD25167-9A87-4B51-833D-D7A0ACFDC97D}.Debug|Any CPU.Build.0 = Debug|Any CPU
		{7DD25167-9A87-4B51-833D-D7A0ACFDC97D}.Release|Any CPU.ActiveCfg = Release|Any CPU
		{7DD25167-9A87-4B51-833D-D7A0ACFDC97D}.Release|Any CPU.Build.0 = Release|Any CPU
		{8FB592CF-7284-4AD8-9D8A-41C16C237F33}.Debug|Any CPU.ActiveCfg = Debug|Any CPU
		{8FB592CF-7284-4AD8-9D8A-41C16C237F33}.Debug|Any CPU.Build.0 = Debug|Any CPU
		{8FB592CF-7284-4AD8-9D8A-41C16C237F33}.Release|Any CPU.ActiveCfg = Release|Any CPU
		{8FB592CF-7284-4AD8-9D8A-41C16C237F33}.Release|Any CPU.Build.0 = Release|Any CPU
		{9BE8A11C-04B5-4E1B-81B2-ECE87538CC7B}.Debug|Any CPU.ActiveCfg = Debug|Any CPU
		{9BE8A11C-04B5-4E1B-81B2-ECE87538CC7B}.Debug|Any CPU.Build.0 = Debug|Any CPU
		{9BE8A11C-04B5-4E1B-81B2-ECE87538CC7B}.Release|Any CPU.ActiveCfg = Release|Any CPU
		{9BE8A11C-04B5-4E1B-81B2-ECE87538CC7B}.Release|Any CPU.Build.0 = Release|Any CPU
	EndGlobalSection
	GlobalSection(SolutionProperties) = preSolution
		HideSolutionNode = FALSE
	EndGlobalSection
	GlobalSection(TeamFoundationVersionControl) = preSolution
		SccNumberOfProjects = 8
		SccEnterpriseProvider = {4CA58AB2-18FA-4F8D-95D4-32DDF27D184C}
		SccTeamFoundationServer = https://semesterproject2.visualstudio.com/
		SccLocalPath0 = .
		SccProjectUniqueName1 = Database\\Database.csproj
		SccProjectName1 = Database
		SccLocalPath1 = Database
		SccProjectUniqueName2 = ConsoleApplication1\\ConsoleApplication1.csproj
		SccProjectName2 = ConsoleApplication1
		SccLocalPath2 = ConsoleApplication1
		SccProjectUniqueName3 = BussinessLayer\\BussinessLayer.csproj
		SccProjectName3 = BussinessLayer
		SccLocalPath3 = BussinessLayer
		SccProjectUniqueName4 = AuctionProject\\Core.csproj
		SccProjectName4 = AuctionProject
		SccLocalPath4 = AuctionProject
		SccProjectUniqueName5 = AuctionProject\\UnitTestProject1\\UnitTestProject1.csproj
		SccProjectName5 = AuctionProject/UnitTestProject1
		SccLocalPath5 = AuctionProject\\UnitTestProject1
		SccProjectUniqueName6 = WcfServiceLibraryAuction\\WcfServiceLibraryAuction.csproj
		SccProjectName6 = WcfServiceLibraryAuction
		SccLocalPath6 = WcfServiceLibraryAuction
		SccProjectUniqueName7 = TestConsoleApp\\TestConsoleApp.csproj
		SccProjectName7 = TestConsoleApp
		SccLocalPath7 = TestConsoleApp
	EndGlobalSection
EndGlobal
